
Microsoft Visual Studio Solution File, Format Version 12.00
# Visual Studio 15
VisualStudioVersion = 15.0.28307.136
MinimumVisualStudioVersion = 10.0.40219.1
Project("{FAE04EC0-301F-11D3-BF4B-00C04F79EFBC}") = "MinReceptbok", "MinReceptbok\MinReceptbok.csproj", "{E6FF4A9B-8F1F-4FDD-AEE4-46C7BA2BA7E1}"
EndProject
Global
	GlobalSection(SolutionConfigurationPlatforms) = preSolution
		Debug|Any CPU = Debug|Any CPU
		Release|Any CPU = Release|Any CPU
	EndGlobalSection
	GlobalSection(ProjectConfigurationPlatforms) = postSolution
		{E6FF4A9B-8F1F-4FDD-AEE4-46C7BA2BA7E1}.Debug|Any CPU.ActiveCfg = Debug|Any CPU
		{E6FF4A9B-8F1F-4FDD-AEE4-46C7BA2BA7E1}.Debug|Any CPU.Build.0 = Debug|Any CPU
		{E6FF4A9B-8F1F-4FDD-AEE4-46C7BA2BA7E1}.Release|Any CPU.ActiveCfg = Release|Any CPU
		{E6FF4A9B-8F1F-4FDD-AEE4-46C7BA2BA7E1}.Release|Any CPU.Build.0 = Release|Any CPU
	EndGlobalSection
	GlobalSection(SolutionProperties) = preSolution
		HideSolutionNode = FALSE
	EndGlobalSection
	GlobalSection(ExtensibilityGlobals) = postSolution
		SolutionGuid = {BE2E3DC1-269F-4589-BAD3-9DCA3A49BF91}
	EndGlobalSection
EndGlobal
